
Microsoft Visual Studio Solution File, Format Version 12.00
# Visual Studio Version 17
VisualStudioVersion = 17.13.35828.75 d17.13
MinimumVisualStudioVersion = 10.0.40219.1
Project("{FAE04EC0-301F-11D3-BF4B-00C04F79EFBC}") = "TopLevelStatement", "TopLevelStatement\TopLevelStatement.csproj", "{EC5AB1DB-14B0-4819-8F25-F1E7FDBBEE4C}"
EndProject
Global
	GlobalSection(SolutionConfigurationPlatforms) = preSolution
		Debug|Any CPU = Debug|Any CPU
		Release|Any CPU = Release|Any CPU
	EndGlobalSection
	GlobalSection(ProjectConfigurationPlatforms) = postSolution
		{EC5AB1DB-14B0-4819-8F25-F1E7FDBBEE4C}.Debug|Any CPU.ActiveCfg = Debug|Any CPU
		{EC5AB1DB-14B0-4819-8F25-F1E7FDBBEE4C}.Debug|Any CPU.Build.0 = Debug|Any CPU
		{EC5AB1DB-14B0-4819-8F25-F1E7FDBBEE4C}.Release|Any CPU.ActiveCfg = Release|Any CPU
		{EC5AB1DB-14B0-4819-8F25-F1E7FDBBEE4C}.Release|Any CPU.Build.0 = Release|Any CPU
	EndGlobalSection
	GlobalSection(SolutionProperties) = preSolution
		HideSolutionNode = FALSE
	EndGlobalSection
	GlobalSection(ExtensibilityGlobals) = postSolution
		SolutionGuid = {CB4CD80F-3AE2-44FB-A734-2E85F877105F}
	EndGlobalSection
EndGlobal
