
Microsoft Visual Studio Solution File, Format Version 12.00
# Visual Studio Version 17
VisualStudioVersion = 17.13.35828.75 d17.13
MinimumVisualStudioVersion = 10.0.40219.1
Project("{FAE04EC0-301F-11D3-BF4B-00C04F79EFBC}") = "DelegateDemo", "DelegateDemo\DelegateDemo.csproj", "{C84AD2F2-5C92-4A4F-9250-4E4DB31F09DF}"
EndProject
Global
	GlobalSection(SolutionConfigurationPlatforms) = preSolution
		Debug|Any CPU = Debug|Any CPU
		Release|Any CPU = Release|Any CPU
	EndGlobalSection
	GlobalSection(ProjectConfigurationPlatforms) = postSolution
		{C84AD2F2-5C92-4A4F-9250-4E4DB31F09DF}.Debug|Any CPU.ActiveCfg = Debug|Any CPU
		{C84AD2F2-5C92-4A4F-9250-4E4DB31F09DF}.Debug|Any CPU.Build.0 = Debug|Any CPU
		{C84AD2F2-5C92-4A4F-9250-4E4DB31F09DF}.Release|Any CPU.ActiveCfg = Release|Any CPU
		{C84AD2F2-5C92-4A4F-9250-4E4DB31F09DF}.Release|Any CPU.Build.0 = Release|Any CPU
	EndGlobalSection
	GlobalSection(SolutionProperties) = preSolution
		HideSolutionNode = FALSE
	EndGlobalSection
	GlobalSection(ExtensibilityGlobals) = postSolution
		SolutionGuid = {EDE37A67-3872-4745-BCF1-C6680975CA58}
	EndGlobalSection
EndGlobal
