
Microsoft Visual Studio Solution File, Format Version 12.00
# Visual Studio Version 17
VisualStudioVersion = 17.13.35828.75 d17.13
MinimumVisualStudioVersion = 10.0.40219.1
Project("{FAE04EC0-301F-11D3-BF4B-00C04F79EFBC}") = "LinqDemo", "LinqDemo\LinqDemo.csproj", "{7599C5D3-1AC3-4E54-80A2-4D0AC7099542}"
EndProject
Global
	GlobalSection(SolutionConfigurationPlatforms) = preSolution
		Debug|Any CPU = Debug|Any CPU
		Release|Any CPU = Release|Any CPU
	EndGlobalSection
	GlobalSection(ProjectConfigurationPlatforms) = postSolution
		{7599C5D3-1AC3-4E54-80A2-4D0AC7099542}.Debug|Any CPU.ActiveCfg = Debug|Any CPU
		{7599C5D3-1AC3-4E54-80A2-4D0AC7099542}.Debug|Any CPU.Build.0 = Debug|Any CPU
		{7599C5D3-1AC3-4E54-80A2-4D0AC7099542}.Release|Any CPU.ActiveCfg = Release|Any CPU
		{7599C5D3-1AC3-4E54-80A2-4D0AC7099542}.Release|Any CPU.Build.0 = Release|Any CPU
	EndGlobalSection
	GlobalSection(SolutionProperties) = preSolution
		HideSolutionNode = FALSE
	EndGlobalSection
	GlobalSection(ExtensibilityGlobals) = postSolution
		SolutionGuid = {4CF45BAC-47A7-4231-8A15-658BD2CAEAC3}
	EndGlobalSection
EndGlobal
