
Microsoft Visual Studio Solution File, Format Version 12.00
# Visual Studio Version 17
VisualStudioVersion = 17.13.35828.75 d17.13
MinimumVisualStudioVersion = 10.0.40219.1
Project("{FAE04EC0-301F-11D3-BF4B-00C04F79EFBC}") = "InheritanceApp", "InheritanceApp\InheritanceApp.csproj", "{2343C0CF-E587-467D-866E-E61F64B79EAB}"
EndProject
Global
	GlobalSection(SolutionConfigurationPlatforms) = preSolution
		Debug|Any CPU = Debug|Any CPU
		Release|Any CPU = Release|Any CPU
	EndGlobalSection
	GlobalSection(ProjectConfigurationPlatforms) = postSolution
		{2343C0CF-E587-467D-866E-E61F64B79EAB}.Debug|Any CPU.ActiveCfg = Debug|Any CPU
		{2343C0CF-E587-467D-866E-E61F64B79EAB}.Debug|Any CPU.Build.0 = Debug|Any CPU
		{2343C0CF-E587-467D-866E-E61F64B79EAB}.Release|Any CPU.ActiveCfg = Release|Any CPU
		{2343C0CF-E587-467D-866E-E61F64B79EAB}.Release|Any CPU.Build.0 = Release|Any CPU
	EndGlobalSection
	GlobalSection(SolutionProperties) = preSolution
		HideSolutionNode = FALSE
	EndGlobalSection
	GlobalSection(ExtensibilityGlobals) = postSolution
		SolutionGuid = {A42FE050-B354-4D30-A3BD-DCB7FEE71521}
	EndGlobalSection
EndGlobal
