
Microsoft Visual Studio Solution File, Format Version 12.00
# Visual Studio Version 17
VisualStudioVersion = 17.13.35828.75 d17.13
MinimumVisualStudioVersion = 10.0.40219.1
Project("{FAE04EC0-301F-11D3-BF4B-00C04F79EFBC}") = "ShapeAreaApp", "ShapeAreaApp\ShapeAreaApp.csproj", "{40FAA460-9DAB-4988-9A1A-4F4858D03ADD}"
EndProject
Global
	GlobalSection(SolutionConfigurationPlatforms) = preSolution
		Debug|Any CPU = Debug|Any CPU
		Release|Any CPU = Release|Any CPU
	EndGlobalSection
	GlobalSection(ProjectConfigurationPlatforms) = postSolution
		{40FAA460-9DAB-4988-9A1A-4F4858D03ADD}.Debug|Any CPU.ActiveCfg = Debug|Any CPU
		{40FAA460-9DAB-4988-9A1A-4F4858D03ADD}.Debug|Any CPU.Build.0 = Debug|Any CPU
		{40FAA460-9DAB-4988-9A1A-4F4858D03ADD}.Release|Any CPU.ActiveCfg = Release|Any CPU
		{40FAA460-9DAB-4988-9A1A-4F4858D03ADD}.Release|Any CPU.Build.0 = Release|Any CPU
	EndGlobalSection
	GlobalSection(SolutionProperties) = preSolution
		HideSolutionNode = FALSE
	EndGlobalSection
	GlobalSection(ExtensibilityGlobals) = postSolution
		SolutionGuid = {3B8482B8-A4AE-4199-91F6-7BEE94FB02F8}
	EndGlobalSection
EndGlobal
