
Microsoft Visual Studio Solution File, Format Version 12.00
# Visual Studio Version 17
VisualStudioVersion = 17.13.35828.75 d17.13
MinimumVisualStudioVersion = 10.0.40219.1
Project("{FAE04EC0-301F-11D3-BF4B-00C04F79EFBC}") = "Comparison_Sorting_OperatorOverloading", "Comparison_Sorting_OperatorOverloading\Comparison_Sorting_OperatorOverloading.csproj", "{82B2B29C-ACAF-414D-BEC7-192AC58DC0C3}"
EndProject
Global
	GlobalSection(SolutionConfigurationPlatforms) = preSolution
		Debug|Any CPU = Debug|Any CPU
		Release|Any CPU = Release|Any CPU
	EndGlobalSection
	GlobalSection(ProjectConfigurationPlatforms) = postSolution
		{82B2B29C-ACAF-414D-BEC7-192AC58DC0C3}.Debug|Any CPU.ActiveCfg = Debug|Any CPU
		{82B2B29C-ACAF-414D-BEC7-192AC58DC0C3}.Debug|Any CPU.Build.0 = Debug|Any CPU
		{82B2B29C-ACAF-414D-BEC7-192AC58DC0C3}.Release|Any CPU.ActiveCfg = Release|Any CPU
		{82B2B29C-ACAF-414D-BEC7-192AC58DC0C3}.Release|Any CPU.Build.0 = Release|Any CPU
	EndGlobalSection
	GlobalSection(SolutionProperties) = preSolution
		HideSolutionNode = FALSE
	EndGlobalSection
	GlobalSection(ExtensibilityGlobals) = postSolution
		SolutionGuid = {F45A1046-F33D-4307-A7CD-4EA0E27E75B1}
	EndGlobalSection
EndGlobal
