
Microsoft Visual Studio Solution File, Format Version 12.00
# Visual Studio Version 17
VisualStudioVersion = 17.13.35828.75 d17.13
MinimumVisualStudioVersion = 10.0.40219.1
Project("{FAE04EC0-301F-11D3-BF4B-00C04F79EFBC}") = "NewFeatures", "NewFeatures\NewFeatures.csproj", "{4F0BE96F-D69C-4F9E-91FE-1AFF2F4EE257}"
EndProject
Global
	GlobalSection(SolutionConfigurationPlatforms) = preSolution
		Debug|Any CPU = Debug|Any CPU
		Release|Any CPU = Release|Any CPU
	EndGlobalSection
	GlobalSection(ProjectConfigurationPlatforms) = postSolution
		{4F0BE96F-D69C-4F9E-91FE-1AFF2F4EE257}.Debug|Any CPU.ActiveCfg = Debug|Any CPU
		{4F0BE96F-D69C-4F9E-91FE-1AFF2F4EE257}.Debug|Any CPU.Build.0 = Debug|Any CPU
		{4F0BE96F-D69C-4F9E-91FE-1AFF2F4EE257}.Release|Any CPU.ActiveCfg = Release|Any CPU
		{4F0BE96F-D69C-4F9E-91FE-1AFF2F4EE257}.Release|Any CPU.Build.0 = Release|Any CPU
	EndGlobalSection
	GlobalSection(SolutionProperties) = preSolution
		HideSolutionNode = FALSE
	EndGlobalSection
	GlobalSection(ExtensibilityGlobals) = postSolution
		SolutionGuid = {66970029-ECD4-4F34-8FCC-502B1C182B5A}
	EndGlobalSection
EndGlobal
